
Microsoft Visual Studio Solution File, Format Version 12.00
# Visual Studio Version 16
VisualStudioVersion = 16.0.31005.135
MinimumVisualStudioVersion = 10.0.40219.1
Project("{FAE04EC0-301F-11D3-BF4B-00C04F79EFBC}") = "HelloWorld", "HelloWorld\HelloWorld.csproj", "{3C869E42-D07F-456D-B5E1-9AAD5E0638A0}"
EndProject
Global
	GlobalSection(SolutionConfigurationPlatforms) = preSolution
		Debug|Any CPU = Debug|Any CPU
		Release|Any CPU = Release|Any CPU
	EndGlobalSection
	GlobalSection(ProjectConfigurationPlatforms) = postSolution
		{3C869E42-D07F-456D-B5E1-9AAD5E0638A0}.Debug|Any CPU.ActiveCfg = Debug|Any CPU
		{3C869E42-D07F-456D-B5E1-9AAD5E0638A0}.Debug|Any CPU.Build.0 = Debug|Any CPU
		{3C869E42-D07F-456D-B5E1-9AAD5E0638A0}.Release|Any CPU.ActiveCfg = Release|Any CPU
		{3C869E42-D07F-456D-B5E1-9AAD5E0638A0}.Release|Any CPU.Build.0 = Release|Any CPU
	EndGlobalSection
	GlobalSection(SolutionProperties) = preSolution
		HideSolutionNode = FALSE
	EndGlobalSection
	GlobalSection(ExtensibilityGlobals) = postSolution
		SolutionGuid = {E421366C-7344-4FBA-81C2-09A81C3EB126}
	EndGlobalSection
EndGlobal
